// !$*UTF8*$!
{
	archiveVersion = 1;
	classes = {
	};
	objectVersion = 46;
	objects = {

/* Begin PBXBuildFile section */
		06541A511D2F7FBB007D6B1E /* main.m in Sources */ = {isa = PBXBuildFile; fileRef = 06541A501D2F7FBB007D6B1E /* main.m */; };
		06541A541D2F7FBB007D6B1E /* AppDelegate.m in Sources */ = {isa = PBXBuildFile; fileRef = 06541A531D2F7FBB007D6B1E /* AppDelegate.m */; };
		06541A571D2F7FBB007D6B1E /* ViewController.m in Sources */ = {isa = PBXBuildFile; fileRef = 06541A561D2F7FBB007D6B1E /* ViewController.m */; };
		06541A5A1D2F7FBB007D6B1E /* Main.storyboard in Resources */ = {isa = PBXBuildFile; fileRef = 06541A581D2F7FBB007D6B1E /* Main.storyboard */; };
		06541A5C1D2F7FBB007D6B1E /* Assets.xcassets in Resources */ = {isa = PBXBuildFile; fileRef = 06541A5B1D2F7FBB007D6B1E /* Assets.xcassets */; };
		06541A5F1D2F7FBB007D6B1E /* LaunchScreen.storyboard in Resources */ = {isa = PBXBuildFile; fileRef = 06541A5D1D2F7FBB007D6B1E /* LaunchScreen.storyboard */; };
		06541A6A1D2F7FBC007D6B1E /* RuntimeDemoTests.m in Sources */ = {isa = PBXBuildFile; fileRef = 06541A691D2F7FBC007D6B1E /* RuntimeDemoTests.m */; };
		06541A751D2F7FBC007D6B1E /* RuntimeDemoUITests.m in Sources */ = {isa = PBXBuildFile; fileRef = 06541A741D2F7FBC007D6B1E /* RuntimeDemoUITests.m */; };
		06541A841D2F8054007D6B1E /* Person.m in Sources */ = {isa = PBXBuildFile; fileRef = 06541A831D2F8054007D6B1E /* Person.m */; };
		06541A881D2F8CB9007D6B1E /* UIImage+image.m in Sources */ = {isa = PBXBuildFile; fileRef = 06541A871D2F8CB9007D6B1E /* UIImage+image.m */; };
		06541A8B1D2FA25F007D6B1E /* Person1.m in Sources */ = {isa = PBXBuildFile; fileRef = 06541A8A1D2FA25F007D6B1E /* Person1.m */; };
/* End PBXBuildFile section */

/* Begin PBXContainerItemProxy section */
		06541A661D2F7FBC007D6B1E /* PBXContainerItemProxy */ = {
			isa = PBXContainerItemProxy;
			containerPortal = 06541A441D2F7FBB007D6B1E /* Project object */;
			proxyType = 1;
			remoteGlobalIDString = 06541A4B1D2F7FBB007D6B1E;
			remoteInfo = RuntimeDemo;
		};
		06541A711D2F7FBC007D6B1E /* PBXContainerItemProxy */ = {
			isa = PBXContainerItemProxy;
			containerPortal = 06541A441D2F7FBB007D6B1E /* Project object */;
			proxyType = 1;
			remoteGlobalIDString = 06541A4B1D2F7FBB007D6B1E;
			remoteInfo = RuntimeDemo;
		};
/* End PBXContainerItemProxy section */

/* Begin PBXFileReference section */
		06541A4C1D2F7FBB007D6B1E /* RuntimeDemo.app */ = {isa = PBXFileReference; explicitFileType = wrapper.application; includeInIndex = 0; path = RuntimeDemo.app; sourceTree = BUILT_PRODUCTS_DIR; };
		06541A501D2F7FBB007D6B1E /* main.m */ = {isa = PBXFileReference; lastKnownFileType = sourcecode.c.objc; path = main.m; sourceTree = "<group>"; };
		06541A521D2F7FBB007D6B1E /* AppDelegate.h */ = {isa = PBXFileReference; lastKnownFileType = sourcecode.c.h; path = AppDelegate.h; sourceTree = "<group>"; };
		06541A531D2F7FBB007D6B1E /* AppDelegate.m */ = {isa = PBXFileReference; lastKnownFileType = sourcecode.c.objc; path = AppDelegate.m; sourceTree = "<group>"; };
		06541A551D2F7FBB007D6B1E /* ViewController.h */ = {isa = PBXFileReference; lastKnownFileType = sourcecode.c.h; path = ViewController.h; sourceTree = "<group>"; };
		06541A561D2F7FBB007D6B1E /* ViewController.m */ = {isa = PBXFileReference; lastKnownFileType = sourcecode.c.objc; path = ViewController.m; sourceTree = "<group>"; };
		06541A591D2F7FBB007D6B1E /* Base */ = {isa = PBXFileReference; lastKnownFileType = file.storyboard; name = Base; path = Base.lproj/Main.storyboard; sourceTree = "<group>"; };
		06541A5B1D2F7FBB007D6B1E /* Assets.xcassets */ = {isa = PBXFileReference; lastKnownFileType = folder.assetcatalog; path = Assets.xcassets; sourceTree = "<group>"; };
		06541A5E1D2F7FBB007D6B1E /* Base */ = {isa = PBXFileReference; lastKnownFileType = file.storyboard; name = Base; path = Base.lproj/LaunchScreen.storyboard; sourceTree = "<group>"; };
		06541A601D2F7FBB007D6B1E /* Info.plist */ = {isa = PBXFileReference; lastKnownFileType = text.plist.xml; path = Info.plist; sourceTree = "<group>"; };
		06541A651D2F7FBC007D6B1E /* RuntimeDemoTests.xctest */ = {isa = PBXFileReference; explicitFileType = wrapper.cfbundle; includeInIndex = 0; path = RuntimeDemoTests.xctest; sourceTree = BUILT_PRODUCTS_DIR; };
		06541A691D2F7FBC007D6B1E /* RuntimeDemoTests.m */ = {isa = PBXFileReference; lastKnownFileType = sourcecode.c.objc; path = RuntimeDemoTests.m; sourceTree = "<group>"; };
		06541A6B1D2F7FBC007D6B1E /* Info.plist */ = {isa = PBXFileReference; lastKnownFileType = text.plist.xml; path = Info.plist; sourceTree = "<group>"; };
		06541A701D2F7FBC007D6B1E /* RuntimeDemoUITests.xctest */ = {isa = PBXFileReference; explicitFileType = wrapper.cfbundle; includeInIndex = 0; path = RuntimeDemoUITests.xctest; sourceTree = BUILT_PRODUCTS_DIR; };
		06541A741D2F7FBC007D6B1E /* RuntimeDemoUITests.m */ = {isa = PBXFileReference; lastKnownFileType = sourcecode.c.objc; path = RuntimeDemoUITests.m; sourceTree = "<group>"; };
		06541A761D2F7FBC007D6B1E /* Info.plist */ = {isa = PBXFileReference; lastKnownFileType = text.plist.xml; path = Info.plist; sourceTree = "<group>"; };
		06541A821D2F8054007D6B1E /* Person.h */ = {isa = PBXFileReference; fileEncoding = 4; lastKnownFileType = sourcecode.c.h; path = Person.h; sourceTree = "<group>"; };
		06541A831D2F8054007D6B1E /* Person.m */ = {isa = PBXFileReference; fileEncoding = 4; lastKnownFileType = sourcecode.c.objc; path = Person.m; sourceTree = "<group>"; };
		06541A851D2F8742007D6B1E /* Runtime.h */ = {isa = PBXFileReference; lastKnownFileType = sourcecode.c.h; path = Runtime.h; sourceTree = "<group>"; };
		06541A861D2F8CB9007D6B1E /* UIImage+image.h */ = {isa = PBXFileReference; fileEncoding = 4; lastKnownFileType = sourcecode.c.h; path = "UIImage+image.h"; sourceTree = "<group>"; };
		06541A871D2F8CB9007D6B1E /* UIImage+image.m */ = {isa = PBXFileReference; fileEncoding = 4; lastKnownFileType = sourcecode.c.objc; path = "UIImage+image.m"; sourceTree = "<group>"; };
		06541A891D2FA25F007D6B1E /* Person1.h */ = {isa = PBXFileReference; fileEncoding = 4; lastKnownFileType = sourcecode.c.h; path = Person1.h; sourceTree = "<group>"; };
		06541A8A1D2FA25F007D6B1E /* Person1.m */ = {isa = PBXFileReference; fileEncoding = 4; lastKnownFileType = sourcecode.c.objc; path = Person1.m; sourceTree = "<group>"; };
/* End PBXFileReference section */

/* Begin PBXFrameworksBuildPhase section */
		06541A491D2F7FBB007D6B1E /* Frameworks */ = {
			isa = PBXFrameworksBuildPhase;
			buildActionMask = 2147483647;
			files = (
			);
			runOnlyForDeploymentPostprocessing = 0;
		};
		06541A621D2F7FBB007D6B1E /* Frameworks */ = {
			isa = PBXFrameworksBuildPhase;
			buildActionMask = 2147483647;
			files = (
			);
			runOnlyForDeploymentPostprocessing = 0;
		};
		06541A6D1D2F7FBC007D6B1E /* Frameworks */ = {
			isa = PBXFrameworksBuildPhase;
			buildActionMask = 2147483647;
			files = (
			);
			runOnlyForDeploymentPostprocessing = 0;
		};
/* End PBXFrameworksBuildPhase section */

/* Begin PBXGroup section */
		06541A431D2F7FBB007D6B1E = {
			isa = PBXGroup;
			children = (
				06541A821D2F8054007D6B1E /* Person.h */,
				06541A831D2F8054007D6B1E /* Person.m */,
				06541A891D2FA25F007D6B1E /* Person1.h */,
				06541A8A1D2FA25F007D6B1E /* Person1.m */,
				06541A4E1D2F7FBB007D6B1E /* RuntimeDemo */,
				06541A681D2F7FBC007D6B1E /* RuntimeDemoTests */,
				06541A731D2F7FBC007D6B1E /* RuntimeDemoUITests */,
				06541A4D1D2F7FBB007D6B1E /* Products */,
			);
			sourceTree = "<group>";
		};
		06541A4D1D2F7FBB007D6B1E /* Products */ = {
			isa = PBXGroup;
			children = (
				06541A4C1D2F7FBB007D6B1E /* RuntimeDemo.app */,
				06541A651D2F7FBC007D6B1E /* RuntimeDemoTests.xctest */,
				06541A701D2F7FBC007D6B1E /* RuntimeDemoUITests.xctest */,
			);
			name = Products;
			sourceTree = "<group>";
		};
		06541A4E1D2F7FBB007D6B1E /* RuntimeDemo */ = {
			isa = PBXGroup;
			children = (
				06541A521D2F7FBB007D6B1E /* AppDelegate.h */,
				06541A531D2F7FBB007D6B1E /* AppDelegate.m */,
				06541A551D2F7FBB007D6B1E /* ViewController.h */,
				06541A561D2F7FBB007D6B1E /* ViewController.m */,
				06541A861D2F8CB9007D6B1E /* UIImage+image.h */,
				06541A871D2F8CB9007D6B1E /* UIImage+image.m */,
				06541A851D2F8742007D6B1E /* Runtime.h */,
				06541A581D2F7FBB007D6B1E /* Main.storyboard */,
				06541A5B1D2F7FBB007D6B1E /* Assets.xcassets */,
				06541A5D1D2F7FBB007D6B1E /* LaunchScreen.storyboard */,
				06541A601D2F7FBB007D6B1E /* Info.plist */,
				06541A4F1D2F7FBB007D6B1E /* Supporting Files */,
			);
			path = RuntimeDemo;
			sourceTree = "<group>";
		};
		06541A4F1D2F7FBB007D6B1E /* Supporting Files */ = {
			isa = PBXGroup;
			children = (
				06541A501D2F7FBB007D6B1E /* main.m */,
			);
			name = "Supporting Files";
			sourceTree = "<group>";
		};
		06541A681D2F7FBC007D6B1E /* RuntimeDemoTests */ = {
			isa = PBXGroup;
			children = (
				06541A691D2F7FBC007D6B1E /* RuntimeDemoTests.m */,
				06541A6B1D2F7FBC007D6B1E /* Info.plist */,
			);
			path = RuntimeDemoTests;
			sourceTree = "<group>";
		};
		06541A731D2F7FBC007D6B1E /* RuntimeDemoUITests */ = {
			isa = PBXGroup;
			children = (
				06541A741D2F7FBC007D6B1E /* RuntimeDemoUITests.m */,
				06541A761D2F7FBC007D6B1E /* Info.plist */,
			);
			path = RuntimeDemoUITests;
			sourceTree = "<group>";
		};
/* End PBXGroup section */

/* Begin PBXNativeTarget section */
		06541A4B1D2F7FBB007D6B1E /* RuntimeDemo */ = {
			isa = PBXNativeTarget;
			buildConfigurationList = 06541A791D2F7FBC007D6B1E /* Build configuration list for PBXNativeTarget "RuntimeDemo" */;
			buildPhases = (
				06541A481D2F7FBB007D6B1E /* Sources */,
				06541A491D2F7FBB007D6B1E /* Frameworks */,
				06541A4A1D2F7FBB007D6B1E /* Resources */,
			);
			buildRules = (
			);
			dependencies = (
			);
			name = RuntimeDemo;
			productName = RuntimeDemo;
			productReference = 06541A4C1D2F7FBB007D6B1E /* RuntimeDemo.app */;
			productType = "com.apple.product-type.application";
		};
		06541A641D2F7FBB007D6B1E /* RuntimeDemoTests */ = {
			isa = PBXNativeTarget;
			buildConfigurationList = 06541A7C1D2F7FBC007D6B1E /* Build configuration list for PBXNativeTarget "RuntimeDemoTests" */;
			buildPhases = (
				06541A611D2F7FBB007D6B1E /* Sources */,
				06541A621D2F7FBB007D6B1E /* Frameworks */,
				06541A631D2F7FBB007D6B1E /* Resources */,
			);
			buildRules = (
			);
			dependencies = (
				06541A671D2F7FBC007D6B1E /* PBXTargetDependency */,
			);
			name = RuntimeDemoTests;
			productName = RuntimeDemoTests;
			productReference = 06541A651D2F7FBC007D6B1E /* RuntimeDemoTests.xctest */;
			productType = "com.apple.product-type.bundle.unit-test";
		};
		06541A6F1D2F7FBC007D6B1E /* RuntimeDemoUITests */ = {
			isa = PBXNativeTarget;
			buildConfigurationList = 06541A7F1D2F7FBC007D6B1E /* Build configuration list for PBXNativeTarget "RuntimeDemoUITests" */;
			buildPhases = (
				06541A6C1D2F7FBC007D6B1E /* Sources */,
				06541A6D1D2F7FBC007D6B1E /* Frameworks */,
				06541A6E1D2F7FBC007D6B1E /* Resources */,
			);
			buildRules = (
			);
			dependencies = (
				06541A721D2F7FBC007D6B1E /* PBXTargetDependency */,
			);
			name = RuntimeDemoUITests;
			productName = RuntimeDemoUITests;
			productReference = 06541A701D2F7FBC007D6B1E /* RuntimeDemoUITests.xctest */;
			productType = "com.apple.product-type.bundle.ui-testing";
		};
/* End PBXNativeTarget section */

/* Begin PBXProject section */
		06541A441D2F7FBB007D6B1E /* Project object */ = {
			isa = PBXProject;
			attributes = {
				LastUpgradeCheck = 0720;
				ORGANIZATIONNAME = zyh;
				TargetAttributes = {
					06541A4B1D2F7FBB007D6B1E = {
						CreatedOnToolsVersion = 7.2;
					};
					06541A641D2F7FBB007D6B1E = {
						CreatedOnToolsVersion = 7.2;
						TestTargetID = 06541A4B1D2F7FBB007D6B1E;
					};
					06541A6F1D2F7FBC007D6B1E = {
						CreatedOnToolsVersion = 7.2;
						TestTargetID = 06541A4B1D2F7FBB007D6B1E;
					};
				};
			};
			buildConfigurationList = 06541A471D2F7FBB007D6B1E /* Build configuration list for PBXProject "RuntimeDemo" */;
			compatibilityVersion = "Xcode 3.2";
			developmentRegion = English;
			hasScannedForEncodings = 0;
			knownRegions = (
				en,
				Base,
			);
			mainGroup = 06541A431D2F7FBB007D6B1E;
			productRefGroup = 06541A4D1D2F7FBB007D6B1E /* Products */;
			projectDirPath = "";
			projectRoot = "";
			targets = (
				06541A4B1D2F7FBB007D6B1E /* RuntimeDemo */,
				06541A641D2F7FBB007D6B1E /* RuntimeDemoTests */,
				06541A6F1D2F7FBC007D6B1E /* RuntimeDemoUITests */,
			);
		};
/* End PBXProject section */

/* Begin PBXResourcesBuildPhase section */
		06541A4A1D2F7FBB007D6B1E /* Resources */ = {
			isa = PBXResourcesBuildPhase;
			buildActionMask = 2147483647;
			files = (
				06541A5F1D2F7FBB007D6B1E /* LaunchScreen.storyboard in Resources */,
				06541A5C1D2F7FBB007D6B1E /* Assets.xcassets in Resources */,
				06541A5A1D2F7FBB007D6B1E /* Main.storyboard in Resources */,
			);
			runOnlyForDeploymentPostprocessing = 0;
		};
		06541A631D2F7FBB007D6B1E /* Resources */ = {
			isa = PBXResourcesBuildPhase;
			buildActionMask = 2147483647;
			files = (
			);
			runOnlyForDeploymentPostprocessing = 0;
		};
		06541A6E1D2F7FBC007D6B1E /* Resources */ = {
			isa = PBXResourcesBuildPhase;
			buildActionMask = 2147483647;
			files = (
			);
			runOnlyForDeploymentPostprocessing = 0;
		};
/* End PBXResourcesBuildPhase section */

/* Begin PBXSourcesBuildPhase section */
		06541A481D2F7FBB007D6B1E /* Sources */ = {
			isa = PBXSourcesBuildPhase;
			buildActionMask = 2147483647;
			files = (
				06541A8B1D2FA25F007D6B1E /* Person1.m in Sources */,
				06541A571D2F7FBB007D6B1E /* ViewController.m in Sources */,
				06541A541D2F7FBB007D6B1E /* AppDelegate.m in Sources */,
				06541A881D2F8CB9007D6B1E /* UIImage+image.m in Sources */,
				06541A841D2F8054007D6B1E /* Person.m in Sources */,
				06541A511D2F7FBB007D6B1E /* main.m in Sources */,
			);
			runOnlyForDeploymentPostprocessing = 0;
		};
		06541A611D2F7FBB007D6B1E /* Sources */ = {
			isa = PBXSourcesBuildPhase;
			buildActionMask = 2147483647;
			files = (
				06541A6A1D2F7FBC007D6B1E /* RuntimeDemoTests.m in Sources */,
			);
			runOnlyForDeploymentPostprocessing = 0;
		};
		06541A6C1D2F7FBC007D6B1E /* Sources */ = {
			isa = PBXSourcesBuildPhase;
			buildActionMask = 2147483647;
			files = (
				06541A751D2F7FBC007D6B1E /* RuntimeDemoUITests.m in Sources */,
			);
			runOnlyForDeploymentPostprocessing = 0;
		};
/* End PBXSourcesBuildPhase section */

/* Begin PBXTargetDependency section */
		06541A671D2F7FBC007D6B1E /* PBXTargetDependency */ = {
			isa = PBXTargetDependency;
			target = 06541A4B1D2F7FBB007D6B1E /* RuntimeDemo */;
			targetProxy = 06541A661D2F7FBC007D6B1E /* PBXContainerItemProxy */;
		};
		06541A721D2F7FBC007D6B1E /* PBXTargetDependency */ = {
			isa = PBXTargetDependency;
			target = 06541A4B1D2F7FBB007D6B1E /* RuntimeDemo */;
			targetProxy = 06541A711D2F7FBC007D6B1E /* PBXContainerItemProxy */;
		};
/* End PBXTargetDependency section */

/* Begin PBXVariantGroup section */
		06541A581D2F7FBB007D6B1E /* Main.storyboard */ = {
			isa = PBXVariantGroup;
			children = (
				06541A591D2F7FBB007D6B1E /* Base */,
			);
			name = Main.storyboard;
			sourceTree = "<group>";
		};
		06541A5D1D2F7FBB007D6B1E /* LaunchScreen.storyboard */ = {
			isa = PBXVariantGroup;
			children = (
				06541A5E1D2F7FBB007D6B1E /* Base */,
			);
			name = LaunchScreen.storyboard;
			sourceTree = "<group>";
		};
/* End PBXVariantGroup section */

/* Begin XCBuildConfiguration section */
		06541A771D2F7FBC007D6B1E /* Debug */ = {
			isa = XCBuildConfiguration;
			buildSettings = {
				ALWAYS_SEARCH_USER_PATHS = NO;
				CLANG_CXX_LANGUAGE_STANDARD = "gnu++0x";
				CLANG_CXX_LIBRARY = "libc++";
				CLANG_ENABLE_MODULES = YES;
				CLANG_ENABLE_OBJC_ARC = YES;
				CLANG_WARN_BOOL_CONVERSION = YES;
				CLANG_WARN_CONSTANT_CONVERSION = YES;
				CLANG_WARN_DIRECT_OBJC_ISA_USAGE = YES_ERROR;
				CLANG_WARN_EMPTY_BODY = YES;
				CLANG_WARN_ENUM_CONVERSION = YES;
				CLANG_WARN_INT_CONVERSION = YES;
				CLANG_WARN_OBJC_ROOT_CLASS = YES_ERROR;
				CLANG_WARN_UNREACHABLE_CODE = YES;
				CLANG_WARN__DUPLICATE_METHOD_MATCH = YES;
				"CODE_SIGN_IDENTITY[sdk=iphoneos*]" = "iPhone Developer";
				COPY_PHASE_STRIP = NO;
				DEBUG_INFORMATION_FORMAT = dwarf;
				ENABLE_STRICT_OBJC_MSGSEND = YES;
				ENABLE_TESTABILITY = YES;
				GCC_C_LANGUAGE_STANDARD = gnu99;
				GCC_DYNAMIC_NO_PIC = NO;
				GCC_NO_COMMON_BLOCKS = YES;
				GCC_OPTIMIZATION_LEVEL = 0;
				GCC_PREPROCESSOR_DEFINITIONS = (
					"DEBUG=1",
					"$(inherited)",
				);
				GCC_WARN_64_TO_32_BIT_CONVERSION = YES;
				GCC_WARN_ABOUT_RETURN_TYPE = YES_ERROR;
				GCC_WARN_UNDECLARED_SELECTOR = YES;
				GCC_WARN_UNINITIALIZED_AUTOS = YES_AGGRESSIVE;
				GCC_WARN_UNUSED_FUNCTION = YES;
				GCC_WARN_UNUSED_VARIABLE = YES;
				IPHONEOS_DEPLOYMENT_TARGET = 9.2;
				MTL_ENABLE_DEBUG_INFO = YES;
				ONLY_ACTIVE_ARCH = YES;
				SDKROOT = iphoneos;
				TARGETED_DEVICE_FAMILY = "1,2";
			};
			name = Debug;
		};
		06541A781D2F7FBC007D6B1E /* Release */ = {
			isa = XCBuildConfiguration;
			buildSettings = {
				ALWAYS_SEARCH_USER_PATHS = NO;
				CLANG_CXX_LANGUAGE_STANDARD = "gnu++0x";
				CLANG_CXX_LIBRARY = "libc++";
				CLANG_ENABLE_MODULES = YES;
				CLANG_ENABLE_OBJC_ARC = YES;
				CLANG_WARN_BOOL_CONVERSION = YES;
				CLANG_WARN_CONSTANT_CONVERSION = YES;
				CLANG_WARN_DIRECT_OBJC_ISA_USAGE = YES_ERROR;
				CLANG_WARN_EMPTY_BODY = YES;
				CLANG_WARN_ENUM_CONVERSION = YES;
				CLANG_WARN_INT_CONVERSION = YES;
				CLANG_WARN_OBJC_ROOT_CLASS = YES_ERROR;
				CLANG_WARN_UNREACHABLE_CODE = YES;
				CLANG_WARN__DUPLICATE_METHOD_MATCH = YES;
				"CODE_SIGN_IDENTITY[sdk=iphoneos*]" = "iPhone Developer";
				COPY_PHASE_STRIP = NO;
				DEBUG_INFORMATION_FORMAT = "dwarf-with-dsym";
				ENABLE_NS_ASSERTIONS = NO;
				ENABLE_STRICT_OBJC_MSGSEND = YES;
				GCC_C_LANGUAGE_STANDARD = gnu99;
				GCC_NO_COMMON_BLOCKS = YES;
				GCC_WARN_64_TO_32_BIT_CONVERSION = YES;
				GCC_WARN_ABOUT_RETURN_TYPE = YES_ERROR;
				GCC_WARN_UNDECLARED_SELECTOR = YES;
				GCC_WARN_UNINITIALIZED_AUTOS = YES_AGGRESSIVE;
				GCC_WARN_UNUSED_FUNCTION = YES;
				GCC_WARN_UNUSED_VARIABLE = YES;
				IPHONEOS_DEPLOYMENT_TARGET = 9.2;
				MTL_ENABLE_DEBUG_INFO = NO;
				SDKROOT = iphoneos;
				TARGETED_DEVICE_FAMILY = "1,2";
				VALIDATE_PRODUCT = YES;
			};
			name = Release;
		};
		06541A7A1D2F7FBC007D6B1E /* Debug */ = {
			isa = XCBuildConfiguration;
			buildSettings = {
				ASSETCATALOG_COMPILER_APPICON_NAME = AppIcon;
				ENABLE_STRICT_OBJC_MSGSEND = NO;
				INFOPLIST_FILE = RuntimeDemo/Info.plist;
				LD_RUNPATH_SEARCH_PATHS = "$(inherited) @executable_path/Frameworks";
				PRODUCT_BUNDLE_IDENTIFIER = zyh.RuntimeDemo;
				PRODUCT_NAME = "$(TARGET_NAME)";
			};
			name = Debug;
		};
		06541A7B1D2F7FBC007D6B1E /* Release */ = {
			isa = XCBuildConfiguration;
			buildSettings = {
				ASSETCATALOG_COMPILER_APPICON_NAME = AppIcon;
				ENABLE_STRICT_OBJC_MSGSEND = NO;
				INFOPLIST_FILE = RuntimeDemo/Info.plist;
				LD_RUNPATH_SEARCH_PATHS = "$(inherited) @executable_path/Frameworks";
				PRODUCT_BUNDLE_IDENTIFIER = zyh.RuntimeDemo;
				PRODUCT_NAME = "$(TARGET_NAME)";
			};
			name = Release;
		};
		06541A7D1D2F7FBC007D6B1E /* Debug */ = {
			isa = XCBuildConfiguration;
			buildSettings = {
				BUNDLE_LOADER = "$(TEST_HOST)";
				INFOPLIST_FILE = RuntimeDemoTests/Info.plist;
				LD_RUNPATH_SEARCH_PATHS = "$(inherited) @executable_path/Frameworks @loader_path/Frameworks";
				PRODUCT_BUNDLE_IDENTIFIER = zyh.RuntimeDemoTests;
				PRODUCT_NAME = "$(TARGET_NAME)";
				TEST_HOST = "$(BUILT_PRODUCTS_DIR)/RuntimeDemo.app/RuntimeDemo";
			};
			name = Debug;
		};
		06541A7E1D2F7FBC007D6B1E /* Release */ = {
			isa = XCBuildConfiguration;
			buildSettings = {
				BUNDLE_LOADER = "$(TEST_HOST)";
				INFOPLIST_FILE = RuntimeDemoTests/Info.plist;
				LD_RUNPATH_SEARCH_PATHS = "$(inherited) @executable_path/Frameworks @loader_path/Frameworks";
				PRODUCT_BUNDLE_IDENTIFIER = zyh.RuntimeDemoTests;
				PRODUCT_NAME = "$(TARGET_NAME)";
				TEST_HOST = "$(BUILT_PRODUCTS_DIR)/RuntimeDemo.app/RuntimeDemo";
			};
			name = Release;
		};
		06541A801D2F7FBC007D6B1E /* Debug */ = {
			isa = XCBuildConfiguration;
			buildSettings = {
				INFOPLIST_FILE = RuntimeDemoUITests/Info.plist;
				LD_RUNPATH_SEARCH_PATHS = "$(inherited) @executable_path/Frameworks @loader_path/Frameworks";
				PRODUCT_BUNDLE_IDENTIFIER = zyh.RuntimeDemoUITests;
				PRODUCT_NAME = "$(TARGET_NAME)";
				TEST_TARGET_NAME = RuntimeDemo;
				USES_XCTRUNNER = YES;
			};
			name = Debug;
		};
		06541A811D2F7FBC007D6B1E /* Release */ = {
			isa = XCBuildConfiguration;
			buildSettings = {
				INFOPLIST_FILE = RuntimeDemoUITests/Info.plist;
				LD_RUNPATH_SEARCH_PATHS = "$(inherited) @executable_path/Frameworks @loader_path/Frameworks";
				PRODUCT_BUNDLE_IDENTIFIER = zyh.RuntimeDemoUITests;
				PRODUCT_NAME = "$(TARGET_NAME)";
				TEST_TARGET_NAME = RuntimeDemo;
				USES_XCTRUNNER = YES;
			};
			name = Release;
		};
/* End XCBuildConfiguration section */

/* Begin XCConfigurationList section */
		06541A471D2F7FBB007D6B1E /* Build configuration list for PBXProject "RuntimeDemo" */ = {
			isa = XCConfigurationList;
			buildConfigurations = (
				06541A771D2F7FBC007D6B1E /* Debug */,
				06541A781D2F7FBC007D6B1E /* Release */,
			);
			defaultConfigurationIsVisible = 0;
			defaultConfigurationName = Release;
		};
		06541A791D2F7FBC007D6B1E /* Build configuration list for PBXNativeTarget "RuntimeDemo" */ = {
			isa = XCConfigurationList;
			buildConfigurations = (
				06541A7A1D2F7FBC007D6B1E /* Debug */,
				06541A7B1D2F7FBC007D6B1E /* Release */,
			);
			defaultConfigurationIsVisible = 0;
		};
		06541A7C1D2F7FBC007D6B1E /* Build configuration list for PBXNativeTarget "RuntimeDemoTests" */ = {
			isa = XCConfigurationList;
			buildConfigurations = (
				06541A7D1D2F7FBC007D6B1E /* Debug */,
				06541A7E1D2F7FBC007D6B1E /* Release */,
			);
			defaultConfigurationIsVisible = 0;
		};
		06541A7F1D2F7FBC007D6B1E /* Build configuration list for PBXNativeTarget "RuntimeDemoUITests" */ = {
			isa = XCConfigurationList;
			buildConfigurations = (
				06541A801D2F7FBC007D6B1E /* Debug */,
				06541A811D2F7FBC007D6B1E /* Release */,
			);
			defaultConfigurationIsVisible = 0;
		};
/* End XCConfigurationList section */
	};
	rootObject = 06541A441D2F7FBB007D6B1E /* Project object */;
}
